
Microsoft Visual Studio Solution File, Format Version 12.00
# Visual Studio Version 16
VisualStudioVersion = 16.0.31112.23
MinimumVisualStudioVersion = 10.0.40219.1
Project("{FAE04EC0-301F-11D3-BF4B-00C04F79EFBC}") = "mailproject", "mailproject.csproj", "{A1AE2B4F-C32B-4AD7-BB2A-24000BD72358}"
EndProject
Global
	GlobalSection(SolutionConfigurationPlatforms) = preSolution
		Debug|Any CPU = Debug|Any CPU
		Release|Any CPU = Release|Any CPU
	EndGlobalSection
	GlobalSection(ProjectConfigurationPlatforms) = postSolution
		{A1AE2B4F-C32B-4AD7-BB2A-24000BD72358}.Debug|Any CPU.ActiveCfg = Debug|Any CPU
		{A1AE2B4F-C32B-4AD7-BB2A-24000BD72358}.Debug|Any CPU.Build.0 = Debug|Any CPU
		{A1AE2B4F-C32B-4AD7-BB2A-24000BD72358}.Release|Any CPU.ActiveCfg = Release|Any CPU
		{A1AE2B4F-C32B-4AD7-BB2A-24000BD72358}.Release|Any CPU.Build.0 = Release|Any CPU
	EndGlobalSection
	GlobalSection(SolutionProperties) = preSolution
		HideSolutionNode = FALSE
	EndGlobalSection
	GlobalSection(ExtensibilityGlobals) = postSolution
		SolutionGuid = {4BD9F743-63DD-45D3-B7C0-07E45A6EA7FF}
	EndGlobalSection
EndGlobal
